
Microsoft Visual Studio Solution File, Format Version 12.00
# Visual Studio 14
VisualStudioVersion = 14.0.23107.0
MinimumVisualStudioVersion = 10.0.40219.1
Project("{FAE04EC0-301F-11D3-BF4B-00C04F79EFBC}") = "WebAPIToolkit", "WebAPIToolkit\WebAPIToolkit.csproj", "{58DFCE7A-6CD7-4FCD-AAA9-060B1BDE1459}"
EndProject
Project("{FAE04EC0-301F-11D3-BF4B-00C04F79EFBC}") = "WebAPIToolkit.Tests", "WebAPIToolkit.Tests\WebAPIToolkit.Tests.csproj", "{D08EC6E0-40F0-45ED-9AEE-2C5C7F340587}"
EndProject
Project("{2150E333-8FDC-42A3-9474-1A3956D46DE8}") = "Solution Items", "Solution Items", "{159A0AC8-38B1-4845-8EC0-B229F9FEA3CB}"
	ProjectSection(SolutionItems) = preProject
		README.md = README.md
	EndProjectSection
EndProject
Global
	GlobalSection(SolutionConfigurationPlatforms) = preSolution
		Debug|Any CPU = Debug|Any CPU
		Release|Any CPU = Release|Any CPU
	EndGlobalSection
	GlobalSection(ProjectConfigurationPlatforms) = postSolution
		{58DFCE7A-6CD7-4FCD-AAA9-060B1BDE1459}.Debug|Any CPU.ActiveCfg = Debug|Any CPU
		{58DFCE7A-6CD7-4FCD-AAA9-060B1BDE1459}.Debug|Any CPU.Build.0 = Debug|Any CPU
		{58DFCE7A-6CD7-4FCD-AAA9-060B1BDE1459}.Release|Any CPU.ActiveCfg = Release|Any CPU
		{58DFCE7A-6CD7-4FCD-AAA9-060B1BDE1459}.Release|Any CPU.Build.0 = Release|Any CPU
		{D08EC6E0-40F0-45ED-9AEE-2C5C7F340587}.Debug|Any CPU.ActiveCfg = Debug|Any CPU
		{D08EC6E0-40F0-45ED-9AEE-2C5C7F340587}.Debug|Any CPU.Build.0 = Debug|Any CPU
		{D08EC6E0-40F0-45ED-9AEE-2C5C7F340587}.Release|Any CPU.ActiveCfg = Release|Any CPU
		{D08EC6E0-40F0-45ED-9AEE-2C5C7F340587}.Release|Any CPU.Build.0 = Release|Any CPU
	EndGlobalSection
	GlobalSection(SolutionProperties) = preSolution
		HideSolutionNode = FALSE
	EndGlobalSection
EndGlobal
